{
  "version": 4,
  "terraform_version": "1.3.7",
  "serial": 14,
  "lineage": "62ccc025-6f8c-83e5-4400-a78a94ff7e63",
  "outputs": {},
  "resources": [
    {
      "mode": "managed",
      "type": "google_sql_database_instance",
      "name": "master_instance",
      "provider": "provider[\"registry.terraform.io/hashicorp/google\"]",
      "instances": [
        {
          "schema_version": 0,
          "attributes": {
            "available_maintenance_versions": [],
            "clone": [],
            "connection_name": "anttech-373808:us-west1:master-instance",
            "database_version": "POSTGRES_14",
            "deletion_protection": true,
            "encryption_key_name": null,
            "first_ip_address": "34.82.69.34",
            "id": "master-instance",
            "instance_type": "CLOUD_SQL_INSTANCE",
            "ip_address": [
              {
                "ip_address": "34.82.69.34",
                "time_to_retire": "",
                "type": "PRIMARY"
              },
              {
                "ip_address": "35.230.2.255",
                "time_to_retire": "",
                "type": "OUTGOING"
              }
            ],
            "maintenance_version": "POSTGRES_14_4.R20220710.01_16",
            "master_instance_name": "",
            "name": "master-instance",
            "private_ip_address": "",
            "project": "anttech-373808",
            "public_ip_address": "34.82.69.34",
            "region": "us-west1",
            "replica_configuration": [],
            "restore_backup_context": [],
            "root_password": null,
            "self_link": "https://sqladmin.googleapis.com/sql/v1beta4/projects/anttech-373808/instances/master-instance",
            "server_ca_cert": [
              {
                "cert": "-----BEGIN CERTIFICATE-----\nMIIDfzCCAmegAwIBAgIBADANBgkqhkiG9w0BAQsFADB3MS0wKwYDVQQuEyQxNDVm\nMzcwYS0xNDA2LTRmYjEtYWFiOC05ZTJjMTYzZDk5ZWMxIzAhBgNVBAMTGkdvb2ds\nZSBDbG91ZCBTUUwgU2VydmVyIENBMRQwEgYDVQQKEwtHb29nbGUsIEluYzELMAkG\nA1UEBhMCVVMwHhcNMjMwMTI2MDY1NjQxWhcNMzMwMTIzMDY1NzQxWjB3MS0wKwYD\nVQQuEyQxNDVmMzcwYS0xNDA2LTRmYjEtYWFiOC05ZTJjMTYzZDk5ZWMxIzAhBgNV\nBAMTGkdvb2dsZSBDbG91ZCBTUUwgU2VydmVyIENBMRQwEgYDVQQKEwtHb29nbGUs\nIEluYzELMAkGA1UEBhMCVVMwggEiMA0GCSqGSIb3DQEBAQUAA4IBDwAwggEKAoIB\nAQCOMWRVSdaoEwmpE1C5y4uyitEWoQIrblBL1+i+aspewFj7Qj05IXRWPA9skuhs\nWye+eth72tUydu/olZCRuvKkbH/RDabi45nGMo3Vnm+AqQ/FIMSecwKYWNwnMhBd\ndLRNeO498rh8qGRvwFxzhKaFvg0UKQ+RXezpGgobxEU1/lZSYHywaXEV5NpDxzHx\nNjniL8j01yDXocwz79JSmKseFgxbnjDtHNnK28J6PoX9yvsCM5aS4cx5bsRxiMjH\nHHFv5dRSrlWKBoJwJtok0gA4yMoSCJ8h1tXzRgzG4/H+SLibsz/o9p7QDk/fRaNm\nUVDlKDf9eTnKbJsZwKTq7eqFAgMBAAGjFjAUMBIGA1UdEwEB/wQIMAYBAf8CAQAw\nDQYJKoZIhvcNAQELBQADggEBAA64FnXKoHi0QkojWmKmrSmNavs0mvlGypUrqvTB\nPljvBIms7OJTaQ5MjKgKdrOaR0Hz3Xh9656LDrUaVztnQoxyd/vVUxmx/KBfID0v\ntDnjFetxI+kfWufpXD/rdJ8ExJvmtaKJQLRQh2IJ/3zbFDZMpFsndTD6E1M1u/HZ\nheLHdqkjvcnIQfPjGGnSzyQx0y1waoihA8WtTIJ4w+oMaRPGS8vc2iT95xt4WF8j\nZ9g+Jsdy3XavZeHLcf5HHkdzr2BZ5NjkQ2FjqQLpCbuLqiWDNki/cnNaD9sCfZ5U\ntKkOQOFhVw4kZeZ0/x1AqKQDMlLqAYzSIuTbfXeSaDhMC+8=\n-----END CERTIFICATE-----",
                "common_name": "C=US,O=Google\\, Inc,CN=Google Cloud SQL Server CA,dnQualifier=145f370a-1406-4fb1-aab8-9e2c163d99ec",
                "create_time": "2023-01-26T06:56:41.901Z",
                "expiration_time": "2033-01-23T06:57:41.901Z",
                "sha1_fingerprint": "18b5ea18feb6befbf055a0ad45fd61eb2e1cac48"
              }
            ],
            "service_account_email_address": "p104590223095-3y8odu@gcp-sa-cloud-sql.iam.gserviceaccount.com",
            "settings": [
              {
                "activation_policy": "ALWAYS",
                "active_directory_config": [],
                "availability_type": "ZONAL",
                "backup_configuration": [
                  {
                    "backup_retention_settings": [
                      {
                        "retained_backups": 7,
                        "retention_unit": "COUNT"
                      }
                    ],
                    "binary_log_enabled": false,
                    "enabled": true,
                    "location": "",
                    "point_in_time_recovery_enabled": false,
                    "start_time": "05:00",
                    "transaction_log_retention_days": 7
                  }
                ],
                "collation": "",
                "connector_enforcement": "NOT_REQUIRED",
                "database_flags": [],
                "deletion_protection_enabled": false,
                "deny_maintenance_period": [],
                "disk_autoresize": true,
                "disk_autoresize_limit": 110,
                "disk_size": 100,
                "disk_type": "PD_SSD",
                "insights_config": [],
                "ip_configuration": [
                  {
                    "allocated_ip_range": "",
                    "authorized_networks": [],
                    "ipv4_enabled": true,
                    "private_network": "",
                    "require_ssl": false
                  }
                ],
                "location_preference": [
                  {
                    "follow_gae_application": "",
                    "secondary_zone": "",
                    "zone": "us-west1-a"
                  }
                ],
                "maintenance_window": [],
                "password_validation_policy": [],
                "pricing_plan": "PER_USE",
                "sql_server_audit_config": [],
                "tier": "db-custom-2-13312",
                "time_zone": "",
                "user_labels": {},
                "version": 16
              }
            ],
            "timeouts": null
          },
          "sensitive_attributes": [],
          "private": "eyJlMmJmYjczMC1lY2FhLTExZTYtOGY4OC0zNDM2M2JjN2M0YzAiOnsiY3JlYXRlIjoyNDAwMDAwMDAwMDAwLCJkZWxldGUiOjE4MDAwMDAwMDAwMDAsInVwZGF0ZSI6MTgwMDAwMDAwMDAwMH19"
        }
      ]
    },
    {
      "mode": "managed",
      "type": "google_sql_database_instance",
      "name": "read_replica",
      "provider": "provider[\"registry.terraform.io/hashicorp/google\"]",
      "instances": [
        {
          "schema_version": 0,
          "attributes": {
            "available_maintenance_versions": [],
            "clone": [],
            "connection_name": "anttech-373808:us-west1:replica-for-master",
            "database_version": "POSTGRES_14",
            "deletion_protection": true,
            "encryption_key_name": null,
            "first_ip_address": "34.145.119.146",
            "id": "replica-for-master",
            "instance_type": "READ_REPLICA_INSTANCE",
            "ip_address": [
              {
                "ip_address": "34.145.119.146",
                "time_to_retire": "",
                "type": "PRIMARY"
              },
              {
                "ip_address": "35.233.235.252",
                "time_to_retire": "",
                "type": "OUTGOING"
              }
            ],
            "maintenance_version": "POSTGRES_14_4.R20220710.01_16",
            "master_instance_name": "master-instance",
            "name": "replica-for-master",
            "private_ip_address": "",
            "project": "anttech-373808",
            "public_ip_address": "34.145.119.146",
            "region": "us-west1",
            "replica_configuration": [
              {
                "ca_certificate": "",
                "client_certificate": "",
                "client_key": "",
                "connect_retry_interval": 0,
                "dump_file_path": "",
                "failover_target": false,
                "master_heartbeat_period": 0,
                "password": "",
                "ssl_cipher": "",
                "username": "",
                "verify_server_certificate": false
              }
            ],
            "restore_backup_context": [],
            "root_password": null,
            "self_link": "https://sqladmin.googleapis.com/sql/v1beta4/projects/anttech-373808/instances/replica-for-master",
            "server_ca_cert": [
              {
                "cert": "-----BEGIN CERTIFICATE-----\nMIIDfzCCAmegAwIBAgIBADANBgkqhkiG9w0BAQsFADB3MS0wKwYDVQQuEyRhNjYz\nMzhhOS0zNWMwLTRmMzMtODU2Zi1jMzE3Y2YyZWZmYTQxIzAhBgNVBAMTGkdvb2ds\nZSBDbG91ZCBTUUwgU2VydmVyIENBMRQwEgYDVQQKEwtHb29nbGUsIEluYzELMAkG\nA1UEBhMCVVMwHhcNMjMwMTI2MDc1MDIyWhcNMzMwMTIzMDc1MTIyWjB3MS0wKwYD\nVQQuEyRhNjYzMzhhOS0zNWMwLTRmMzMtODU2Zi1jMzE3Y2YyZWZmYTQxIzAhBgNV\nBAMTGkdvb2dsZSBDbG91ZCBTUUwgU2VydmVyIENBMRQwEgYDVQQKEwtHb29nbGUs\nIEluYzELMAkGA1UEBhMCVVMwggEiMA0GCSqGSIb3DQEBAQUAA4IBDwAwggEKAoIB\nAQCE2WEph6nsD3phjprafqH/qkEXY1BkNkVD0QYnSNfGv6CplusDFAy1eD1y29FU\n03oe6iTqneakIHiCkBSwZrdicuv1pY0dXVXKhSIkptDg2Gti+MqgcKMQuSohjmmf\ny+b2Dm8phf94/Hi1pM1+4GOw+96iHCV9OZ2JC7+GjS1h+rvICiX/flF108xCEboJ\nQVCjXmpTjatJ7Zw5oVOsSu5D9JD1RESAe+UEd2LSH/R+VYKl+YaPoTf9zSYm2vuB\nFRWAWQNpi+5N2gHR6FuKK/ukNFAhKqoyJVHMEE4A6JQS+cETW8AJFi+UK8/SKPV7\nby/B5nLlUa3i226L1u/sv1uBAgMBAAGjFjAUMBIGA1UdEwEB/wQIMAYBAf8CAQAw\nDQYJKoZIhvcNAQELBQADggEBAHR80y/biyIbvSwboNT/nf1RL+w9f/vDmv1GnLNY\nWy0NzfWDDpVGhIA1U3rzBNmPzf/gy0GQdWGnZgAToAzsZkBJaGbLeu5LBcYVL5+K\nS91pliXcub/No0AUXI3iTLup9ALSbn7+Jmt5Mtus8TIC77jrM/IXgl97b8Dy8v7q\nhvGi6dAAYcBUlMsAPAM0WU1MnXYMiSnj5f/EupZbTAh566qzhBu+r2sk5CbV5Qbn\nsXsNbHDxbAbHeTF73onQKwjMW3VF70AcznVAiAuYK2tN7jpt8i8MG75so6WiaD48\nSfpPyWybQ6ztw8v8dakDgarQTxrIbJ7zBYqCVmTVN/Tnd38=\n-----END CERTIFICATE-----",
                "common_name": "C=US,O=Google\\, Inc,CN=Google Cloud SQL Server CA,dnQualifier=a66338a9-35c0-4f33-856f-c317cf2effa4",
                "create_time": "2023-01-26T07:50:22.060Z",
                "expiration_time": "2033-01-23T07:51:22.060Z",
                "sha1_fingerprint": "ce2fd650d23fb87db72fe757b29cf09a6bfd945d"
              }
            ],
            "service_account_email_address": "p104590223095-u5trdg@gcp-sa-cloud-sql.iam.gserviceaccount.com",
            "settings": [
              {
                "activation_policy": "ALWAYS",
                "active_directory_config": [],
                "availability_type": "ZONAL",
                "backup_configuration": [
                  {
                    "backup_retention_settings": [
                      {
                        "retained_backups": 7,
                        "retention_unit": "COUNT"
                      }
                    ],
                    "binary_log_enabled": false,
                    "enabled": false,
                    "location": "",
                    "point_in_time_recovery_enabled": false,
                    "start_time": "15:00",
                    "transaction_log_retention_days": 7
                  }
                ],
                "collation": "",
                "connector_enforcement": "NOT_REQUIRED",
                "database_flags": [],
                "deletion_protection_enabled": false,
                "deny_maintenance_period": [],
                "disk_autoresize": true,
                "disk_autoresize_limit": 0,
                "disk_size": 110,
                "disk_type": "PD_SSD",
                "insights_config": [],
                "ip_configuration": [
                  {
                    "allocated_ip_range": "",
                    "authorized_networks": [],
                    "ipv4_enabled": true,
                    "private_network": "",
                    "require_ssl": false
                  }
                ],
                "location_preference": [
                  {
                    "follow_gae_application": "",
                    "secondary_zone": "",
                    "zone": "us-west1-a"
                  }
                ],
                "maintenance_window": [],
                "password_validation_policy": [],
                "pricing_plan": "PER_USE",
                "sql_server_audit_config": [],
                "tier": "db-custom-2-13312",
                "time_zone": "",
                "user_labels": {},
                "version": 1
              }
            ],
            "timeouts": null
          },
          "sensitive_attributes": [],
          "private": "eyJlMmJmYjczMC1lY2FhLTExZTYtOGY4OC0zNDM2M2JjN2M0YzAiOnsiY3JlYXRlIjoyNDAwMDAwMDAwMDAwLCJkZWxldGUiOjE4MDAwMDAwMDAwMDAsInVwZGF0ZSI6MTgwMDAwMDAwMDAwMH19",
          "dependencies": [
            "google_sql_database_instance.master_instance"
          ]
        }
      ]
    }
  ],
  "check_results": null
}
